
Microsoft Visual Studio Solution File, Format Version 12.00
# Visual Studio Version 16
VisualStudioVersion = 16.0.30413.136
MinimumVisualStudioVersion = 10.0.40219.1
Project("{9A19103F-16F7-4668-BE54-9A1E7A4F7556}") = "Exercise 5 and 6", "Session01\Exercise 5\Exercise 5 and 6.csproj", "{5D6B701E-8AE1-402F-B2A5-365E2A411AA6}"
EndProject
Project("{9A19103F-16F7-4668-BE54-9A1E7A4F7556}") = "Exercise 7", "Session01\Exercise 6\Exercise 7.csproj", "{1FA55882-121F-4A85-8D34-8C87ED8CAA84}"
EndProject
Project("{9A19103F-16F7-4668-BE54-9A1E7A4F7556}") = "Exercise 8", "Session01\Exercise 8\Exercise 8.csproj", "{491E752E-0FDB-435D-A0AD-3E597D37E64E}"
EndProject
Project("{9A19103F-16F7-4668-BE54-9A1E7A4F7556}") = "Exercise 9", "Session01\Exercise 9\Exercise 9.csproj", "{4AD35532-187A-4AFE-AAB3-0416F4ADD3A6}"
EndProject
Project("{9A19103F-16F7-4668-BE54-9A1E7A4F7556}") = "Exercise 10", "Session01\Exercise 10\Exercise 10.csproj", "{9B156035-A8E0-498E-B0D8-DDC4ED6D060D}"
EndProject
Project("{9A19103F-16F7-4668-BE54-9A1E7A4F7556}") = "Exercise 11", "Session01\Exercise 11\Exercise 11.csproj", "{FAA1CEA4-6F3E-4A77-993A-AACF69D1E02F}"
EndProject
Project("{9A19103F-16F7-4668-BE54-9A1E7A4F7556}") = "Exercise_01_S2", "Session02\Exercise_01_S2\Exercise_01_S2.csproj", "{37C75920-9F8B-4A96-BD40-8A13EDCFBA66}"
EndProject
Project("{9A19103F-16F7-4668-BE54-9A1E7A4F7556}") = "Exercise 3", "Session01\Exercise 3\Exercise 3.csproj", "{F8403FAA-556D-4848-B632-52D0C92EF276}"
EndProject
Project("{9A19103F-16F7-4668-BE54-9A1E7A4F7556}") = "Exercise_02_S2", "Session02\Exercise_02_S2\Exercise_02_S2.csproj", "{0BF6DDE4-6B54-4C57-9386-95D2491AD565}"
EndProject
Project("{9A19103F-16F7-4668-BE54-9A1E7A4F7556}") = "Exercise_04_S02", "Session02\Exercise_04_S02\Exercise_04_S02.csproj", "{9347C904-8C1B-41BE-951F-EADFA3B5E41B}"
EndProject
Project("{9A19103F-16F7-4668-BE54-9A1E7A4F7556}") = "Exercise_06_S2", "Session02\Exercise_06_S2\Exercise_06_S2.csproj", "{08CDA2DC-BCB4-4A45-AE76-04ADD2ABD10E}"
EndProject
Project("{9A19103F-16F7-4668-BE54-9A1E7A4F7556}") = "Exercise_05_S02", "Session02\Exercise_05_S02\Exercise_05_S02.csproj", "{0FC8DB97-8958-44A9-966C-9D340143A0A2}"
EndProject
Project("{9A19103F-16F7-4668-BE54-9A1E7A4F7556}") = "Exercise_01_S03", "Session03\Exercise_01_S03\Exercise_01_S03.csproj", "{5EEE4AED-6A62-4D08-BDEA-9CEADD05CBB6}"
EndProject
Project("{9A19103F-16F7-4668-BE54-9A1E7A4F7556}") = "Exercise_02_S03", "Session03\Exercise_02_S03\Exercise_02_S03.csproj", "{C16DF3A5-8A65-4808-89FB-7F9BC46A5D77}"
EndProject
Project("{9A19103F-16F7-4668-BE54-9A1E7A4F7556}") = "Socket_Server", "Session03\Exercise_03_S03\Socket_Server.csproj", "{39B395B0-8725-4D44-ADB9-DF13C4EB0245}"
EndProject
Project("{9A19103F-16F7-4668-BE54-9A1E7A4F7556}") = "Blazor_ToDo", "Session04\Blazor_ToDo\Blazor_ToDo.csproj", "{9B59803A-6892-4325-ACCF-55AF6DD4346F}"
EndProject
Project("{9A19103F-16F7-4668-BE54-9A1E7A4F7556}") = "BlazorDemoUI", "Blazor\BlazorDemoUI\BlazorDemoUI.csproj", "{E1991613-D626-4315-9356-905ECEE12636}"
EndProject
Project("{2150E333-8FDC-42A3-9474-1A3956D46DE8}") = "Session01", "Session01", "{FD1D1A32-F905-44B9-B63A-6B39A66B3D3C}"
EndProject
Project("{2150E333-8FDC-42A3-9474-1A3956D46DE8}") = "Session02", "Session02", "{BEC950A4-8B8F-431D-801C-814F1BD6DA16}"
EndProject
Project("{2150E333-8FDC-42A3-9474-1A3956D46DE8}") = "Session03", "Session03", "{4DA2B107-BDAE-4AC0-8EFE-3C0065622A68}"
EndProject
Project("{2150E333-8FDC-42A3-9474-1A3956D46DE8}") = "Sockets", "Sockets", "{F5BDE6DE-9CAE-4C6C-95B1-904DEBFBFA45}"
EndProject
Project("{9A19103F-16F7-4668-BE54-9A1E7A4F7556}") = "Socket_Client", "Session03\Socket_Client\Socket_Client.csproj", "{8F1B3FAF-6D88-450D-8FAB-90BC6C10CCE5}"
EndProject
Project("{9A19103F-16F7-4668-BE54-9A1E7A4F7556}") = "LoginAuth", "Blazor\LoginAuth\LoginAuth.csproj", "{C3D2D6D4-30C1-4A8E-B3B9-9D92C6D5ACE1}"
EndProject
Project("{9A19103F-16F7-4668-BE54-9A1E7A4F7556}") = "Assignment_1", "DNP_Assignment_1\Assignment_1\Assignment_1.csproj", "{CE395497-048E-4483-8DD1-3C91C7B2630D}"
EndProject
Global
	GlobalSection(SolutionConfigurationPlatforms) = preSolution
		Debug|Any CPU = Debug|Any CPU
		Release|Any CPU = Release|Any CPU
	EndGlobalSection
	GlobalSection(ProjectConfigurationPlatforms) = postSolution
		{5D6B701E-8AE1-402F-B2A5-365E2A411AA6}.Debug|Any CPU.ActiveCfg = Debug|Any CPU
		{5D6B701E-8AE1-402F-B2A5-365E2A411AA6}.Debug|Any CPU.Build.0 = Debug|Any CPU
		{5D6B701E-8AE1-402F-B2A5-365E2A411AA6}.Release|Any CPU.ActiveCfg = Release|Any CPU
		{5D6B701E-8AE1-402F-B2A5-365E2A411AA6}.Release|Any CPU.Build.0 = Release|Any CPU
		{1FA55882-121F-4A85-8D34-8C87ED8CAA84}.Debug|Any CPU.ActiveCfg = Debug|Any CPU
		{1FA55882-121F-4A85-8D34-8C87ED8CAA84}.Debug|Any CPU.Build.0 = Debug|Any CPU
		{1FA55882-121F-4A85-8D34-8C87ED8CAA84}.Release|Any CPU.ActiveCfg = Release|Any CPU
		{1FA55882-121F-4A85-8D34-8C87ED8CAA84}.Release|Any CPU.Build.0 = Release|Any CPU
		{491E752E-0FDB-435D-A0AD-3E597D37E64E}.Debug|Any CPU.ActiveCfg = Debug|Any CPU
		{491E752E-0FDB-435D-A0AD-3E597D37E64E}.Debug|Any CPU.Build.0 = Debug|Any CPU
		{491E752E-0FDB-435D-A0AD-3E597D37E64E}.Release|Any CPU.ActiveCfg = Release|Any CPU
		{491E752E-0FDB-435D-A0AD-3E597D37E64E}.Release|Any CPU.Build.0 = Release|Any CPU
		{4AD35532-187A-4AFE-AAB3-0416F4ADD3A6}.Debug|Any CPU.ActiveCfg = Debug|Any CPU
		{4AD35532-187A-4AFE-AAB3-0416F4ADD3A6}.Debug|Any CPU.Build.0 = Debug|Any CPU
		{4AD35532-187A-4AFE-AAB3-0416F4ADD3A6}.Release|Any CPU.ActiveCfg = Release|Any CPU
		{4AD35532-187A-4AFE-AAB3-0416F4ADD3A6}.Release|Any CPU.Build.0 = Release|Any CPU
		{9B156035-A8E0-498E-B0D8-DDC4ED6D060D}.Debug|Any CPU.ActiveCfg = Debug|Any CPU
		{9B156035-A8E0-498E-B0D8-DDC4ED6D060D}.Debug|Any CPU.Build.0 = Debug|Any CPU
		{9B156035-A8E0-498E-B0D8-DDC4ED6D060D}.Release|Any CPU.ActiveCfg = Release|Any CPU
		{9B156035-A8E0-498E-B0D8-DDC4ED6D060D}.Release|Any CPU.Build.0 = Release|Any CPU
		{FAA1CEA4-6F3E-4A77-993A-AACF69D1E02F}.Debug|Any CPU.ActiveCfg = Debug|Any CPU
		{FAA1CEA4-6F3E-4A77-993A-AACF69D1E02F}.Debug|Any CPU.Build.0 = Debug|Any CPU
		{FAA1CEA4-6F3E-4A77-993A-AACF69D1E02F}.Release|Any CPU.ActiveCfg = Release|Any CPU
		{FAA1CEA4-6F3E-4A77-993A-AACF69D1E02F}.Release|Any CPU.Build.0 = Release|Any CPU
		{37C75920-9F8B-4A96-BD40-8A13EDCFBA66}.Debug|Any CPU.ActiveCfg = Debug|Any CPU
		{37C75920-9F8B-4A96-BD40-8A13EDCFBA66}.Debug|Any CPU.Build.0 = Debug|Any CPU
		{37C75920-9F8B-4A96-BD40-8A13EDCFBA66}.Release|Any CPU.ActiveCfg = Release|Any CPU
		{37C75920-9F8B-4A96-BD40-8A13EDCFBA66}.Release|Any CPU.Build.0 = Release|Any CPU
		{F8403FAA-556D-4848-B632-52D0C92EF276}.Debug|Any CPU.ActiveCfg = Debug|Any CPU
		{F8403FAA-556D-4848-B632-52D0C92EF276}.Debug|Any CPU.Build.0 = Debug|Any CPU
		{F8403FAA-556D-4848-B632-52D0C92EF276}.Release|Any CPU.ActiveCfg = Release|Any CPU
		{F8403FAA-556D-4848-B632-52D0C92EF276}.Release|Any CPU.Build.0 = Release|Any CPU
		{0BF6DDE4-6B54-4C57-9386-95D2491AD565}.Debug|Any CPU.ActiveCfg = Debug|Any CPU
		{0BF6DDE4-6B54-4C57-9386-95D2491AD565}.Debug|Any CPU.Build.0 = Debug|Any CPU
		{0BF6DDE4-6B54-4C57-9386-95D2491AD565}.Release|Any CPU.ActiveCfg = Release|Any CPU
		{0BF6DDE4-6B54-4C57-9386-95D2491AD565}.Release|Any CPU.Build.0 = Release|Any CPU
		{9347C904-8C1B-41BE-951F-EADFA3B5E41B}.Debug|Any CPU.ActiveCfg = Debug|Any CPU
		{9347C904-8C1B-41BE-951F-EADFA3B5E41B}.Debug|Any CPU.Build.0 = Debug|Any CPU
		{9347C904-8C1B-41BE-951F-EADFA3B5E41B}.Release|Any CPU.ActiveCfg = Release|Any CPU
		{9347C904-8C1B-41BE-951F-EADFA3B5E41B}.Release|Any CPU.Build.0 = Release|Any CPU
		{08CDA2DC-BCB4-4A45-AE76-04ADD2ABD10E}.Debug|Any CPU.ActiveCfg = Debug|Any CPU
		{08CDA2DC-BCB4-4A45-AE76-04ADD2ABD10E}.Debug|Any CPU.Build.0 = Debug|Any CPU
		{08CDA2DC-BCB4-4A45-AE76-04ADD2ABD10E}.Release|Any CPU.ActiveCfg = Release|Any CPU
		{08CDA2DC-BCB4-4A45-AE76-04ADD2ABD10E}.Release|Any CPU.Build.0 = Release|Any CPU
		{0FC8DB97-8958-44A9-966C-9D340143A0A2}.Debug|Any CPU.ActiveCfg = Debug|Any CPU
		{0FC8DB97-8958-44A9-966C-9D340143A0A2}.Debug|Any CPU.Build.0 = Debug|Any CPU
		{0FC8DB97-8958-44A9-966C-9D340143A0A2}.Release|Any CPU.ActiveCfg = Release|Any CPU
		{0FC8DB97-8958-44A9-966C-9D340143A0A2}.Release|Any CPU.Build.0 = Release|Any CPU
		{5EEE4AED-6A62-4D08-BDEA-9CEADD05CBB6}.Debug|Any CPU.ActiveCfg = Debug|Any CPU
		{5EEE4AED-6A62-4D08-BDEA-9CEADD05CBB6}.Debug|Any CPU.Build.0 = Debug|Any CPU
		{5EEE4AED-6A62-4D08-BDEA-9CEADD05CBB6}.Release|Any CPU.ActiveCfg = Release|Any CPU
		{5EEE4AED-6A62-4D08-BDEA-9CEADD05CBB6}.Release|Any CPU.Build.0 = Release|Any CPU
		{C16DF3A5-8A65-4808-89FB-7F9BC46A5D77}.Debug|Any CPU.ActiveCfg = Debug|Any CPU
		{C16DF3A5-8A65-4808-89FB-7F9BC46A5D77}.Debug|Any CPU.Build.0 = Debug|Any CPU
		{C16DF3A5-8A65-4808-89FB-7F9BC46A5D77}.Release|Any CPU.ActiveCfg = Release|Any CPU
		{C16DF3A5-8A65-4808-89FB-7F9BC46A5D77}.Release|Any CPU.Build.0 = Release|Any CPU
		{39B395B0-8725-4D44-ADB9-DF13C4EB0245}.Debug|Any CPU.ActiveCfg = Debug|Any CPU
		{39B395B0-8725-4D44-ADB9-DF13C4EB0245}.Debug|Any CPU.Build.0 = Debug|Any CPU
		{39B395B0-8725-4D44-ADB9-DF13C4EB0245}.Release|Any CPU.ActiveCfg = Release|Any CPU
		{39B395B0-8725-4D44-ADB9-DF13C4EB0245}.Release|Any CPU.Build.0 = Release|Any CPU
		{9B59803A-6892-4325-ACCF-55AF6DD4346F}.Debug|Any CPU.ActiveCfg = Debug|Any CPU
		{9B59803A-6892-4325-ACCF-55AF6DD4346F}.Debug|Any CPU.Build.0 = Debug|Any CPU
		{9B59803A-6892-4325-ACCF-55AF6DD4346F}.Release|Any CPU.ActiveCfg = Release|Any CPU
		{9B59803A-6892-4325-ACCF-55AF6DD4346F}.Release|Any CPU.Build.0 = Release|Any CPU
		{E1991613-D626-4315-9356-905ECEE12636}.Debug|Any CPU.ActiveCfg = Debug|Any CPU
		{E1991613-D626-4315-9356-905ECEE12636}.Debug|Any CPU.Build.0 = Debug|Any CPU
		{E1991613-D626-4315-9356-905ECEE12636}.Release|Any CPU.ActiveCfg = Release|Any CPU
		{E1991613-D626-4315-9356-905ECEE12636}.Release|Any CPU.Build.0 = Release|Any CPU
		{8F1B3FAF-6D88-450D-8FAB-90BC6C10CCE5}.Debug|Any CPU.ActiveCfg = Debug|Any CPU
		{8F1B3FAF-6D88-450D-8FAB-90BC6C10CCE5}.Debug|Any CPU.Build.0 = Debug|Any CPU
		{8F1B3FAF-6D88-450D-8FAB-90BC6C10CCE5}.Release|Any CPU.ActiveCfg = Release|Any CPU
		{8F1B3FAF-6D88-450D-8FAB-90BC6C10CCE5}.Release|Any CPU.Build.0 = Release|Any CPU
		{C3D2D6D4-30C1-4A8E-B3B9-9D92C6D5ACE1}.Debug|Any CPU.ActiveCfg = Debug|Any CPU
		{C3D2D6D4-30C1-4A8E-B3B9-9D92C6D5ACE1}.Debug|Any CPU.Build.0 = Debug|Any CPU
		{C3D2D6D4-30C1-4A8E-B3B9-9D92C6D5ACE1}.Release|Any CPU.ActiveCfg = Release|Any CPU
		{C3D2D6D4-30C1-4A8E-B3B9-9D92C6D5ACE1}.Release|Any CPU.Build.0 = Release|Any CPU
		{CE395497-048E-4483-8DD1-3C91C7B2630D}.Debug|Any CPU.ActiveCfg = Debug|Any CPU
		{CE395497-048E-4483-8DD1-3C91C7B2630D}.Debug|Any CPU.Build.0 = Debug|Any CPU
		{CE395497-048E-4483-8DD1-3C91C7B2630D}.Release|Any CPU.ActiveCfg = Release|Any CPU
		{CE395497-048E-4483-8DD1-3C91C7B2630D}.Release|Any CPU.Build.0 = Release|Any CPU
	EndGlobalSection
	GlobalSection(SolutionProperties) = preSolution
		HideSolutionNode = FALSE
	EndGlobalSection
	GlobalSection(NestedProjects) = preSolution
		{5D6B701E-8AE1-402F-B2A5-365E2A411AA6} = {FD1D1A32-F905-44B9-B63A-6B39A66B3D3C}
		{1FA55882-121F-4A85-8D34-8C87ED8CAA84} = {FD1D1A32-F905-44B9-B63A-6B39A66B3D3C}
		{491E752E-0FDB-435D-A0AD-3E597D37E64E} = {FD1D1A32-F905-44B9-B63A-6B39A66B3D3C}
		{4AD35532-187A-4AFE-AAB3-0416F4ADD3A6} = {FD1D1A32-F905-44B9-B63A-6B39A66B3D3C}
		{9B156035-A8E0-498E-B0D8-DDC4ED6D060D} = {FD1D1A32-F905-44B9-B63A-6B39A66B3D3C}
		{FAA1CEA4-6F3E-4A77-993A-AACF69D1E02F} = {FD1D1A32-F905-44B9-B63A-6B39A66B3D3C}
		{37C75920-9F8B-4A96-BD40-8A13EDCFBA66} = {BEC950A4-8B8F-431D-801C-814F1BD6DA16}
		{F8403FAA-556D-4848-B632-52D0C92EF276} = {FD1D1A32-F905-44B9-B63A-6B39A66B3D3C}
		{0BF6DDE4-6B54-4C57-9386-95D2491AD565} = {BEC950A4-8B8F-431D-801C-814F1BD6DA16}
		{9347C904-8C1B-41BE-951F-EADFA3B5E41B} = {BEC950A4-8B8F-431D-801C-814F1BD6DA16}
		{08CDA2DC-BCB4-4A45-AE76-04ADD2ABD10E} = {BEC950A4-8B8F-431D-801C-814F1BD6DA16}
		{0FC8DB97-8958-44A9-966C-9D340143A0A2} = {BEC950A4-8B8F-431D-801C-814F1BD6DA16}
		{5EEE4AED-6A62-4D08-BDEA-9CEADD05CBB6} = {4DA2B107-BDAE-4AC0-8EFE-3C0065622A68}
		{C16DF3A5-8A65-4808-89FB-7F9BC46A5D77} = {4DA2B107-BDAE-4AC0-8EFE-3C0065622A68}
		{39B395B0-8725-4D44-ADB9-DF13C4EB0245} = {F5BDE6DE-9CAE-4C6C-95B1-904DEBFBFA45}
		{F5BDE6DE-9CAE-4C6C-95B1-904DEBFBFA45} = {4DA2B107-BDAE-4AC0-8EFE-3C0065622A68}
		{8F1B3FAF-6D88-450D-8FAB-90BC6C10CCE5} = {F5BDE6DE-9CAE-4C6C-95B1-904DEBFBFA45}
	EndGlobalSection
	GlobalSection(ExtensibilityGlobals) = postSolution
		SolutionGuid = {089186E8-5160-4183-8870-790F24157964}
	EndGlobalSection
EndGlobal
